// !$*UTF8*$!
{
	archiveVersion = 1;
	classes = {
	};
	objectVersion = 50;
	objects = {

/* Begin PBXBuildFile section */
		5EF7F1DBEDF8591E7A5E5519 /* Pods_TestPopupUITests.framework in Frameworks */ = {isa = PBXBuildFile; fileRef = B3C67293238FF876F0935284 /* Pods_TestPopupUITests.framework */; };
		7F66D89F6389A18F2F34010B /* Pods_TestPopup.framework in Frameworks */ = {isa = PBXBuildFile; fileRef = A47C7662F409776771CC3CD0 /* Pods_TestPopup.framework */; };
		86761A8A1729FA3DF595FF47 /* Pods_TestPopupTests.framework in Frameworks */ = {isa = PBXBuildFile; fileRef = EE6C3B32AE4AF87327D36F48 /* Pods_TestPopupTests.framework */; };
		B123A38020A56B510053E36B /* AppDelegate.swift in Sources */ = {isa = PBXBuildFile; fileRef = B123A37F20A56B510053E36B /* AppDelegate.swift */; };
		B123A38220A56B510053E36B /* ViewController.swift in Sources */ = {isa = PBXBuildFile; fileRef = B123A38120A56B510053E36B /* ViewController.swift */; };
		B123A38520A56B510053E36B /* Main.storyboard in Resources */ = {isa = PBXBuildFile; fileRef = B123A38320A56B510053E36B /* Main.storyboard */; };
		B123A38720A56B520053E36B /* Assets.xcassets in Resources */ = {isa = PBXBuildFile; fileRef = B123A38620A56B520053E36B /* Assets.xcassets */; };
		B123A38A20A56B520053E36B /* LaunchScreen.storyboard in Resources */ = {isa = PBXBuildFile; fileRef = B123A38820A56B520053E36B /* LaunchScreen.storyboard */; };
		B123A39520A56B520053E36B /* TestPopupTests.swift in Sources */ = {isa = PBXBuildFile; fileRef = B123A39420A56B520053E36B /* TestPopupTests.swift */; };
		B123A3A020A56B520053E36B /* TestPopupUITests.swift in Sources */ = {isa = PBXBuildFile; fileRef = B123A39F20A56B520053E36B /* TestPopupUITests.swift */; };
		B123A3AE20A57C9F0053E36B /* AlertView.swift in Sources */ = {isa = PBXBuildFile; fileRef = B123A3AD20A57C9F0053E36B /* AlertView.swift */; };
		B123A3B020A57CCE0053E36B /* Modal.swift in Sources */ = {isa = PBXBuildFile; fileRef = B123A3AF20A57CCE0053E36B /* Modal.swift */; };
		B123A3B220A57DE10053E36B /* AlertViewController.swift in Sources */ = {isa = PBXBuildFile; fileRef = B123A3B120A57DE10053E36B /* AlertViewController.swift */; };
		B123A3BE20A584390053E36B /* CardView.xib in Resources */ = {isa = PBXBuildFile; fileRef = B123A3B820A584380053E36B /* CardView.xib */; };
		B123A3BF20A584390053E36B /* StatusLine.xib in Resources */ = {isa = PBXBuildFile; fileRef = B123A3B920A584390053E36B /* StatusLine.xib */; };
		B123A3C020A584390053E36B /* TabView.xib in Resources */ = {isa = PBXBuildFile; fileRef = B123A3BA20A584390053E36B /* TabView.xib */; };
		B123A3C220A584390053E36B /* MessageViewIOS8.xib in Resources */ = {isa = PBXBuildFile; fileRef = B123A3BC20A584390053E36B /* MessageViewIOS8.xib */; };
		B123A3C320A584390053E36B /* MessageView.xib in Resources */ = {isa = PBXBuildFile; fileRef = B123A3BD20A584390053E36B /* MessageView.xib */; };
		B123A3C520A58A580053E36B /* CenteredView.xib in Resources */ = {isa = PBXBuildFile; fileRef = B123A3C420A58A580053E36B /* CenteredView.xib */; };
/* End PBXBuildFile section */

/* Begin PBXContainerItemProxy section */
		B123A39120A56B520053E36B /* PBXContainerItemProxy */ = {
			isa = PBXContainerItemProxy;
			containerPortal = B123A37420A56B500053E36B /* Project object */;
			proxyType = 1;
			remoteGlobalIDString = B123A37B20A56B500053E36B;
			remoteInfo = TestPopup;
		};
		B123A39C20A56B520053E36B /* PBXContainerItemProxy */ = {
			isa = PBXContainerItemProxy;
			containerPortal = B123A37420A56B500053E36B /* Project object */;
			proxyType = 1;
			remoteGlobalIDString = B123A37B20A56B500053E36B;
			remoteInfo = TestPopup;
		};
/* End PBXContainerItemProxy section */

/* Begin PBXFileReference section */
		550CA1A1E47F6D500895674A /* Pods-TestPopupTests.debug.xcconfig */ = {isa = PBXFileReference; includeInIndex = 1; lastKnownFileType = text.xcconfig; name = "Pods-TestPopupTests.debug.xcconfig"; path = "Pods/Target Support Files/Pods-TestPopupTests/Pods-TestPopupTests.debug.xcconfig"; sourceTree = "<group>"; };
		63610D266CC62B8C6C81B6F4 /* Pods-TestPopupUITests.release.xcconfig */ = {isa = PBXFileReference; includeInIndex = 1; lastKnownFileType = text.xcconfig; name = "Pods-TestPopupUITests.release.xcconfig"; path = "Pods/Target Support Files/Pods-TestPopupUITests/Pods-TestPopupUITests.release.xcconfig"; sourceTree = "<group>"; };
		872F681A52B8DB15C2BB1509 /* Pods-TestPopup.debug.xcconfig */ = {isa = PBXFileReference; includeInIndex = 1; lastKnownFileType = text.xcconfig; name = "Pods-TestPopup.debug.xcconfig"; path = "Pods/Target Support Files/Pods-TestPopup/Pods-TestPopup.debug.xcconfig"; sourceTree = "<group>"; };
		A47C7662F409776771CC3CD0 /* Pods_TestPopup.framework */ = {isa = PBXFileReference; explicitFileType = wrapper.framework; includeInIndex = 0; path = Pods_TestPopup.framework; sourceTree = BUILT_PRODUCTS_DIR; };
		B123A37C20A56B500053E36B /* TestPopup.app */ = {isa = PBXFileReference; explicitFileType = wrapper.application; includeInIndex = 0; path = TestPopup.app; sourceTree = BUILT_PRODUCTS_DIR; };
		B123A37F20A56B510053E36B /* AppDelegate.swift */ = {isa = PBXFileReference; lastKnownFileType = sourcecode.swift; path = AppDelegate.swift; sourceTree = "<group>"; };
		B123A38120A56B510053E36B /* ViewController.swift */ = {isa = PBXFileReference; lastKnownFileType = sourcecode.swift; path = ViewController.swift; sourceTree = "<group>"; };
		B123A38420A56B510053E36B /* Base */ = {isa = PBXFileReference; lastKnownFileType = file.storyboard; name = Base; path = Base.lproj/Main.storyboard; sourceTree = "<group>"; };
		B123A38620A56B520053E36B /* Assets.xcassets */ = {isa = PBXFileReference; lastKnownFileType = folder.assetcatalog; path = Assets.xcassets; sourceTree = "<group>"; };
		B123A38920A56B520053E36B /* Base */ = {isa = PBXFileReference; lastKnownFileType = file.storyboard; name = Base; path = Base.lproj/LaunchScreen.storyboard; sourceTree = "<group>"; };
		B123A38B20A56B520053E36B /* Info.plist */ = {isa = PBXFileReference; lastKnownFileType = text.plist.xml; path = Info.plist; sourceTree = "<group>"; };
		B123A39020A56B520053E36B /* TestPopupTests.xctest */ = {isa = PBXFileReference; explicitFileType = wrapper.cfbundle; includeInIndex = 0; path = TestPopupTests.xctest; sourceTree = BUILT_PRODUCTS_DIR; };
		B123A39420A56B520053E36B /* TestPopupTests.swift */ = {isa = PBXFileReference; lastKnownFileType = sourcecode.swift; path = TestPopupTests.swift; sourceTree = "<group>"; };
		B123A39620A56B520053E36B /* Info.plist */ = {isa = PBXFileReference; lastKnownFileType = text.plist.xml; path = Info.plist; sourceTree = "<group>"; };
		B123A39B20A56B520053E36B /* TestPopupUITests.xctest */ = {isa = PBXFileReference; explicitFileType = wrapper.cfbundle; includeInIndex = 0; path = TestPopupUITests.xctest; sourceTree = BUILT_PRODUCTS_DIR; };
		B123A39F20A56B520053E36B /* TestPopupUITests.swift */ = {isa = PBXFileReference; lastKnownFileType = sourcecode.swift; path = TestPopupUITests.swift; sourceTree = "<group>"; };
		B123A3A120A56B520053E36B /* Info.plist */ = {isa = PBXFileReference; lastKnownFileType = text.plist.xml; path = Info.plist; sourceTree = "<group>"; };
		B123A3AD20A57C9F0053E36B /* AlertView.swift */ = {isa = PBXFileReference; lastKnownFileType = sourcecode.swift; path = AlertView.swift; sourceTree = "<group>"; };
		B123A3AF20A57CCE0053E36B /* Modal.swift */ = {isa = PBXFileReference; lastKnownFileType = sourcecode.swift; path = Modal.swift; sourceTree = "<group>"; };
		B123A3B120A57DE10053E36B /* AlertViewController.swift */ = {isa = PBXFileReference; lastKnownFileType = sourcecode.swift; path = AlertViewController.swift; sourceTree = "<group>"; };
		B123A3B820A584380053E36B /* CardView.xib */ = {isa = PBXFileReference; fileEncoding = 4; lastKnownFileType = file.xib; path = CardView.xib; sourceTree = "<group>"; };
		B123A3B920A584390053E36B /* StatusLine.xib */ = {isa = PBXFileReference; fileEncoding = 4; lastKnownFileType = file.xib; path = StatusLine.xib; sourceTree = "<group>"; };
		B123A3BA20A584390053E36B /* TabView.xib */ = {isa = PBXFileReference; fileEncoding = 4; lastKnownFileType = file.xib; path = TabView.xib; sourceTree = "<group>"; };
		B123A3BC20A584390053E36B /* MessageViewIOS8.xib */ = {isa = PBXFileReference; fileEncoding = 4; lastKnownFileType = file.xib; path = MessageViewIOS8.xib; sourceTree = "<group>"; };
		B123A3BD20A584390053E36B /* MessageView.xib */ = {isa = PBXFileReference; fileEncoding = 4; lastKnownFileType = file.xib; path = MessageView.xib; sourceTree = "<group>"; };
		B123A3C420A58A580053E36B /* CenteredView.xib */ = {isa = PBXFileReference; fileEncoding = 4; lastKnownFileType = file.xib; path = CenteredView.xib; sourceTree = "<group>"; };
		B3C67293238FF876F0935284 /* Pods_TestPopupUITests.framework */ = {isa = PBXFileReference; explicitFileType = wrapper.framework; includeInIndex = 0; path = Pods_TestPopupUITests.framework; sourceTree = BUILT_PRODUCTS_DIR; };
		C2BE928237336C582EEB91BD /* Pods-TestPopupTests.release.xcconfig */ = {isa = PBXFileReference; includeInIndex = 1; lastKnownFileType = text.xcconfig; name = "Pods-TestPopupTests.release.xcconfig"; path = "Pods/Target Support Files/Pods-TestPopupTests/Pods-TestPopupTests.release.xcconfig"; sourceTree = "<group>"; };
		C316170ACC65415FE64850A3 /* Pods-TestPopup.release.xcconfig */ = {isa = PBXFileReference; includeInIndex = 1; lastKnownFileType = text.xcconfig; name = "Pods-TestPopup.release.xcconfig"; path = "Pods/Target Support Files/Pods-TestPopup/Pods-TestPopup.release.xcconfig"; sourceTree = "<group>"; };
		EE6C3B32AE4AF87327D36F48 /* Pods_TestPopupTests.framework */ = {isa = PBXFileReference; explicitFileType = wrapper.framework; includeInIndex = 0; path = Pods_TestPopupTests.framework; sourceTree = BUILT_PRODUCTS_DIR; };
		FF4D7CE9B1F6536E9C0BB081 /* Pods-TestPopupUITests.debug.xcconfig */ = {isa = PBXFileReference; includeInIndex = 1; lastKnownFileType = text.xcconfig; name = "Pods-TestPopupUITests.debug.xcconfig"; path = "Pods/Target Support Files/Pods-TestPopupUITests/Pods-TestPopupUITests.debug.xcconfig"; sourceTree = "<group>"; };
/* End PBXFileReference section */

/* Begin PBXFrameworksBuildPhase section */
		B123A37920A56B500053E36B /* Frameworks */ = {
			isa = PBXFrameworksBuildPhase;
			buildActionMask = 2147483647;
			files = (
				7F66D89F6389A18F2F34010B /* Pods_TestPopup.framework in Frameworks */,
			);
			runOnlyForDeploymentPostprocessing = 0;
		};
		B123A38D20A56B520053E36B /* Frameworks */ = {
			isa = PBXFrameworksBuildPhase;
			buildActionMask = 2147483647;
			files = (
				86761A8A1729FA3DF595FF47 /* Pods_TestPopupTests.framework in Frameworks */,
			);
			runOnlyForDeploymentPostprocessing = 0;
		};
		B123A39820A56B520053E36B /* Frameworks */ = {
			isa = PBXFrameworksBuildPhase;
			buildActionMask = 2147483647;
			files = (
				5EF7F1DBEDF8591E7A5E5519 /* Pods_TestPopupUITests.framework in Frameworks */,
			);
			runOnlyForDeploymentPostprocessing = 0;
		};
/* End PBXFrameworksBuildPhase section */

/* Begin PBXGroup section */
		1F4D0BFC2952775DA662098E /* Frameworks */ = {
			isa = PBXGroup;
			children = (
				A47C7662F409776771CC3CD0 /* Pods_TestPopup.framework */,
				EE6C3B32AE4AF87327D36F48 /* Pods_TestPopupTests.framework */,
				B3C67293238FF876F0935284 /* Pods_TestPopupUITests.framework */,
			);
			name = Frameworks;
			sourceTree = "<group>";
		};
		B123A37320A56B500053E36B = {
			isa = PBXGroup;
			children = (
				B123A37E20A56B510053E36B /* TestPopup */,
				B123A39320A56B520053E36B /* TestPopupTests */,
				B123A39E20A56B520053E36B /* TestPopupUITests */,
				B123A37D20A56B500053E36B /* Products */,
				F4360597A48D4039739BF51E /* Pods */,
				1F4D0BFC2952775DA662098E /* Frameworks */,
			);
			sourceTree = "<group>";
		};
		B123A37D20A56B500053E36B /* Products */ = {
			isa = PBXGroup;
			children = (
				B123A37C20A56B500053E36B /* TestPopup.app */,
				B123A39020A56B520053E36B /* TestPopupTests.xctest */,
				B123A39B20A56B520053E36B /* TestPopupUITests.xctest */,
			);
			name = Products;
			sourceTree = "<group>";
		};
		B123A37E20A56B510053E36B /* TestPopup */ = {
			isa = PBXGroup;
			children = (
				B123A3B320A581E40053E36B /* Resources */,
				B123A37F20A56B510053E36B /* AppDelegate.swift */,
				B123A38120A56B510053E36B /* ViewController.swift */,
				B123A38320A56B510053E36B /* Main.storyboard */,
				B123A38620A56B520053E36B /* Assets.xcassets */,
				B123A38820A56B520053E36B /* LaunchScreen.storyboard */,
				B123A38B20A56B520053E36B /* Info.plist */,
				B123A3AD20A57C9F0053E36B /* AlertView.swift */,
				B123A3AF20A57CCE0053E36B /* Modal.swift */,
				B123A3B120A57DE10053E36B /* AlertViewController.swift */,
			);
			path = TestPopup;
			sourceTree = "<group>";
		};
		B123A39320A56B520053E36B /* TestPopupTests */ = {
			isa = PBXGroup;
			children = (
				B123A39420A56B520053E36B /* TestPopupTests.swift */,
				B123A39620A56B520053E36B /* Info.plist */,
			);
			path = TestPopupTests;
			sourceTree = "<group>";
		};
		B123A39E20A56B520053E36B /* TestPopupUITests */ = {
			isa = PBXGroup;
			children = (
				B123A39F20A56B520053E36B /* TestPopupUITests.swift */,
				B123A3A120A56B520053E36B /* Info.plist */,
			);
			path = TestPopupUITests;
			sourceTree = "<group>";
		};
		B123A3B320A581E40053E36B /* Resources */ = {
			isa = PBXGroup;
			children = (
				B123A3C420A58A580053E36B /* CenteredView.xib */,
				B123A3B820A584380053E36B /* CardView.xib */,
				B123A3BD20A584390053E36B /* MessageView.xib */,
				B123A3BC20A584390053E36B /* MessageViewIOS8.xib */,
				B123A3B920A584390053E36B /* StatusLine.xib */,
				B123A3BA20A584390053E36B /* TabView.xib */,
			);
			path = Resources;
			sourceTree = "<group>";
		};
		F4360597A48D4039739BF51E /* Pods */ = {
			isa = PBXGroup;
			children = (
				872F681A52B8DB15C2BB1509 /* Pods-TestPopup.debug.xcconfig */,
				C316170ACC65415FE64850A3 /* Pods-TestPopup.release.xcconfig */,
				550CA1A1E47F6D500895674A /* Pods-TestPopupTests.debug.xcconfig */,
				C2BE928237336C582EEB91BD /* Pods-TestPopupTests.release.xcconfig */,
				FF4D7CE9B1F6536E9C0BB081 /* Pods-TestPopupUITests.debug.xcconfig */,
				63610D266CC62B8C6C81B6F4 /* Pods-TestPopupUITests.release.xcconfig */,
			);
			name = Pods;
			sourceTree = "<group>";
		};
/* End PBXGroup section */

/* Begin PBXNativeTarget section */
		B123A37B20A56B500053E36B /* TestPopup */ = {
			isa = PBXNativeTarget;
			buildConfigurationList = B123A3A420A56B520053E36B /* Build configuration list for PBXNativeTarget "TestPopup" */;
			buildPhases = (
				8B3504074BCF7B5A0F6FCB1F /* [CP] Check Pods Manifest.lock */,
				B123A37820A56B500053E36B /* Sources */,
				B123A37920A56B500053E36B /* Frameworks */,
				B123A37A20A56B500053E36B /* Resources */,
				35B16C16BF273BE14D6ECA75 /* [CP] Embed Pods Frameworks */,
			);
			buildRules = (
			);
			dependencies = (
			);
			name = TestPopup;
			productName = TestPopup;
			productReference = B123A37C20A56B500053E36B /* TestPopup.app */;
			productType = "com.apple.product-type.application";
		};
		B123A38F20A56B520053E36B /* TestPopupTests */ = {
			isa = PBXNativeTarget;
			buildConfigurationList = B123A3A720A56B520053E36B /* Build configuration list for PBXNativeTarget "TestPopupTests" */;
			buildPhases = (
				13E92FF05989176F331FC366 /* [CP] Check Pods Manifest.lock */,
				B123A38C20A56B520053E36B /* Sources */,
				B123A38D20A56B520053E36B /* Frameworks */,
				B123A38E20A56B520053E36B /* Resources */,
			);
			buildRules = (
			);
			dependencies = (
				B123A39220A56B520053E36B /* PBXTargetDependency */,
			);
			name = TestPopupTests;
			productName = TestPopupTests;
			productReference = B123A39020A56B520053E36B /* TestPopupTests.xctest */;
			productType = "com.apple.product-type.bundle.unit-test";
		};
		B123A39A20A56B520053E36B /* TestPopupUITests */ = {
			isa = PBXNativeTarget;
			buildConfigurationList = B123A3AA20A56B520053E36B /* Build configuration list for PBXNativeTarget "TestPopupUITests" */;
			buildPhases = (
				34D545DEA0B89CFBF384B62B /* [CP] Check Pods Manifest.lock */,
				B123A39720A56B520053E36B /* Sources */,
				B123A39820A56B520053E36B /* Frameworks */,
				B123A39920A56B520053E36B /* Resources */,
			);
			buildRules = (
			);
			dependencies = (
				B123A39D20A56B520053E36B /* PBXTargetDependency */,
			);
			name = TestPopupUITests;
			productName = TestPopupUITests;
			productReference = B123A39B20A56B520053E36B /* TestPopupUITests.xctest */;
			productType = "com.apple.product-type.bundle.ui-testing";
		};
/* End PBXNativeTarget section */

/* Begin PBXProject section */
		B123A37420A56B500053E36B /* Project object */ = {
			isa = PBXProject;
			attributes = {
				LastSwiftUpdateCheck = 0930;
				LastUpgradeCheck = 0930;
				ORGANIZATIONNAME = xiilab;
				TargetAttributes = {
					B123A37B20A56B500053E36B = {
						CreatedOnToolsVersion = 9.3;
					};
					B123A38F20A56B520053E36B = {
						CreatedOnToolsVersion = 9.3;
						TestTargetID = B123A37B20A56B500053E36B;
					};
					B123A39A20A56B520053E36B = {
						CreatedOnToolsVersion = 9.3;
						TestTargetID = B123A37B20A56B500053E36B;
					};
				};
			};
			buildConfigurationList = B123A37720A56B500053E36B /* Build configuration list for PBXProject "TestPopup" */;
			compatibilityVersion = "Xcode 9.3";
			developmentRegion = en;
			hasScannedForEncodings = 0;
			knownRegions = (
				en,
				Base,
			);
			mainGroup = B123A37320A56B500053E36B;
			productRefGroup = B123A37D20A56B500053E36B /* Products */;
			projectDirPath = "";
			projectRoot = "";
			targets = (
				B123A37B20A56B500053E36B /* TestPopup */,
				B123A38F20A56B520053E36B /* TestPopupTests */,
				B123A39A20A56B520053E36B /* TestPopupUITests */,
			);
		};
/* End PBXProject section */

/* Begin PBXResourcesBuildPhase section */
		B123A37A20A56B500053E36B /* Resources */ = {
			isa = PBXResourcesBuildPhase;
			buildActionMask = 2147483647;
			files = (
				B123A3C520A58A580053E36B /* CenteredView.xib in Resources */,
				B123A38A20A56B520053E36B /* LaunchScreen.storyboard in Resources */,
				B123A38720A56B520053E36B /* Assets.xcassets in Resources */,
				B123A3C020A584390053E36B /* TabView.xib in Resources */,
				B123A3C320A584390053E36B /* MessageView.xib in Resources */,
				B123A3BF20A584390053E36B /* StatusLine.xib in Resources */,
				B123A3BE20A584390053E36B /* CardView.xib in Resources */,
				B123A38520A56B510053E36B /* Main.storyboard in Resources */,
				B123A3C220A584390053E36B /* MessageViewIOS8.xib in Resources */,
			);
			runOnlyForDeploymentPostprocessing = 0;
		};
		B123A38E20A56B520053E36B /* Resources */ = {
			isa = PBXResourcesBuildPhase;
			buildActionMask = 2147483647;
			files = (
			);
			runOnlyForDeploymentPostprocessing = 0;
		};
		B123A39920A56B520053E36B /* Resources */ = {
			isa = PBXResourcesBuildPhase;
			buildActionMask = 2147483647;
			files = (
			);
			runOnlyForDeploymentPostprocessing = 0;
		};
/* End PBXResourcesBuildPhase section */

/* Begin PBXShellScriptBuildPhase section */
		13E92FF05989176F331FC366 /* [CP] Check Pods Manifest.lock */ = {
			isa = PBXShellScriptBuildPhase;
			buildActionMask = 2147483647;
			files = (
			);
			inputPaths = (
				"${PODS_PODFILE_DIR_PATH}/Podfile.lock",
				"${PODS_ROOT}/Manifest.lock",
			);
			name = "[CP] Check Pods Manifest.lock";
			outputPaths = (
				"$(DERIVED_FILE_DIR)/Pods-TestPopupTests-checkManifestLockResult.txt",
			);
			runOnlyForDeploymentPostprocessing = 0;
			shellPath = /bin/sh;
			shellScript = "diff \"${PODS_PODFILE_DIR_PATH}/Podfile.lock\" \"${PODS_ROOT}/Manifest.lock\" > /dev/null\nif [ $? != 0 ] ; then\n    # print error to STDERR\n    echo \"error: The sandbox is not in sync with the Podfile.lock. Run 'pod install' or update your CocoaPods installation.\" >&2\n    exit 1\nfi\n# This output is used by Xcode 'outputs' to avoid re-running this script phase.\necho \"SUCCESS\" > \"${SCRIPT_OUTPUT_FILE_0}\"\n";
			showEnvVarsInLog = 0;
		};
		34D545DEA0B89CFBF384B62B /* [CP] Check Pods Manifest.lock */ = {
			isa = PBXShellScriptBuildPhase;
			buildActionMask = 2147483647;
			files = (
			);
			inputPaths = (
				"${PODS_PODFILE_DIR_PATH}/Podfile.lock",
				"${PODS_ROOT}/Manifest.lock",
			);
			name = "[CP] Check Pods Manifest.lock";
			outputPaths = (
				"$(DERIVED_FILE_DIR)/Pods-TestPopupUITests-checkManifestLockResult.txt",
			);
			runOnlyForDeploymentPostprocessing = 0;
			shellPath = /bin/sh;
			shellScript = "diff \"${PODS_PODFILE_DIR_PATH}/Podfile.lock\" \"${PODS_ROOT}/Manifest.lock\" > /dev/null\nif [ $? != 0 ] ; then\n    # print error to STDERR\n    echo \"error: The sandbox is not in sync with the Podfile.lock. Run 'pod install' or update your CocoaPods installation.\" >&2\n    exit 1\nfi\n# This output is used by Xcode 'outputs' to avoid re-running this script phase.\necho \"SUCCESS\" > \"${SCRIPT_OUTPUT_FILE_0}\"\n";
			showEnvVarsInLog = 0;
		};
		35B16C16BF273BE14D6ECA75 /* [CP] Embed Pods Frameworks */ = {
			isa = PBXShellScriptBuildPhase;
			buildActionMask = 2147483647;
			files = (
			);
			inputPaths = (
				"${SRCROOT}/Pods/Target Support Files/Pods-TestPopup/Pods-TestPopup-frameworks.sh",
				"${BUILT_PRODUCTS_DIR}/DynamicBlurView/DynamicBlurView.framework",
				"${BUILT_PRODUCTS_DIR}/PopupDialog/PopupDialog.framework",
				"${BUILT_PRODUCTS_DIR}/SwiftMessages/SwiftMessages.framework",
			);
			name = "[CP] Embed Pods Frameworks";
			outputPaths = (
				"${TARGET_BUILD_DIR}/${FRAMEWORKS_FOLDER_PATH}/DynamicBlurView.framework",
				"${TARGET_BUILD_DIR}/${FRAMEWORKS_FOLDER_PATH}/PopupDialog.framework",
				"${TARGET_BUILD_DIR}/${FRAMEWORKS_FOLDER_PATH}/SwiftMessages.framework",
			);
			runOnlyForDeploymentPostprocessing = 0;
			shellPath = /bin/sh;
			shellScript = "\"${SRCROOT}/Pods/Target Support Files/Pods-TestPopup/Pods-TestPopup-frameworks.sh\"\n";
			showEnvVarsInLog = 0;
		};
		8B3504074BCF7B5A0F6FCB1F /* [CP] Check Pods Manifest.lock */ = {
			isa = PBXShellScriptBuildPhase;
			buildActionMask = 2147483647;
			files = (
			);
			inputPaths = (
				"${PODS_PODFILE_DIR_PATH}/Podfile.lock",
				"${PODS_ROOT}/Manifest.lock",
			);
			name = "[CP] Check Pods Manifest.lock";
			outputPaths = (
				"$(DERIVED_FILE_DIR)/Pods-TestPopup-checkManifestLockResult.txt",
			);
			runOnlyForDeploymentPostprocessing = 0;
			shellPath = /bin/sh;
			shellScript = "diff \"${PODS_PODFILE_DIR_PATH}/Podfile.lock\" \"${PODS_ROOT}/Manifest.lock\" > /dev/null\nif [ $? != 0 ] ; then\n    # print error to STDERR\n    echo \"error: The sandbox is not in sync with the Podfile.lock. Run 'pod install' or update your CocoaPods installation.\" >&2\n    exit 1\nfi\n# This output is used by Xcode 'outputs' to avoid re-running this script phase.\necho \"SUCCESS\" > \"${SCRIPT_OUTPUT_FILE_0}\"\n";
			showEnvVarsInLog = 0;
		};
/* End PBXShellScriptBuildPhase section */

/* Begin PBXSourcesBuildPhase section */
		B123A37820A56B500053E36B /* Sources */ = {
			isa = PBXSourcesBuildPhase;
			buildActionMask = 2147483647;
			files = (
				B123A38220A56B510053E36B /* ViewController.swift in Sources */,
				B123A38020A56B510053E36B /* AppDelegate.swift in Sources */,
				B123A3AE20A57C9F0053E36B /* AlertView.swift in Sources */,
				B123A3B220A57DE10053E36B /* AlertViewController.swift in Sources */,
				B123A3B020A57CCE0053E36B /* Modal.swift in Sources */,
			);
			runOnlyForDeploymentPostprocessing = 0;
		};
		B123A38C20A56B520053E36B /* Sources */ = {
			isa = PBXSourcesBuildPhase;
			buildActionMask = 2147483647;
			files = (
				B123A39520A56B520053E36B /* TestPopupTests.swift in Sources */,
			);
			runOnlyForDeploymentPostprocessing = 0;
		};
		B123A39720A56B520053E36B /* Sources */ = {
			isa = PBXSourcesBuildPhase;
			buildActionMask = 2147483647;
			files = (
				B123A3A020A56B520053E36B /* TestPopupUITests.swift in Sources */,
			);
			runOnlyForDeploymentPostprocessing = 0;
		};
/* End PBXSourcesBuildPhase section */

/* Begin PBXTargetDependency section */
		B123A39220A56B520053E36B /* PBXTargetDependency */ = {
			isa = PBXTargetDependency;
			target = B123A37B20A56B500053E36B /* TestPopup */;
			targetProxy = B123A39120A56B520053E36B /* PBXContainerItemProxy */;
		};
		B123A39D20A56B520053E36B /* PBXTargetDependency */ = {
			isa = PBXTargetDependency;
			target = B123A37B20A56B500053E36B /* TestPopup */;
			targetProxy = B123A39C20A56B520053E36B /* PBXContainerItemProxy */;
		};
/* End PBXTargetDependency section */

/* Begin PBXVariantGroup section */
		B123A38320A56B510053E36B /* Main.storyboard */ = {
			isa = PBXVariantGroup;
			children = (
				B123A38420A56B510053E36B /* Base */,
			);
			name = Main.storyboard;
			sourceTree = "<group>";
		};
		B123A38820A56B520053E36B /* LaunchScreen.storyboard */ = {
			isa = PBXVariantGroup;
			children = (
				B123A38920A56B520053E36B /* Base */,
			);
			name = LaunchScreen.storyboard;
			sourceTree = "<group>";
		};
/* End PBXVariantGroup section */

/* Begin XCBuildConfiguration section */
		B123A3A220A56B520053E36B /* Debug */ = {
			isa = XCBuildConfiguration;
			buildSettings = {
				ALWAYS_SEARCH_USER_PATHS = NO;
				CLANG_ANALYZER_NONNULL = YES;
				CLANG_ANALYZER_NUMBER_OBJECT_CONVERSION = YES_AGGRESSIVE;
				CLANG_CXX_LANGUAGE_STANDARD = "gnu++14";
				CLANG_CXX_LIBRARY = "libc++";
				CLANG_ENABLE_MODULES = YES;
				CLANG_ENABLE_OBJC_ARC = YES;
				CLANG_ENABLE_OBJC_WEAK = YES;
				CLANG_WARN_BLOCK_CAPTURE_AUTORELEASING = YES;
				CLANG_WARN_BOOL_CONVERSION = YES;
				CLANG_WARN_COMMA = YES;
				CLANG_WARN_CONSTANT_CONVERSION = YES;
				CLANG_WARN_DEPRECATED_OBJC_IMPLEMENTATIONS = YES;
				CLANG_WARN_DIRECT_OBJC_ISA_USAGE = YES_ERROR;
				CLANG_WARN_DOCUMENTATION_COMMENTS = YES;
				CLANG_WARN_EMPTY_BODY = YES;
				CLANG_WARN_ENUM_CONVERSION = YES;
				CLANG_WARN_INFINITE_RECURSION = YES;
				CLANG_WARN_INT_CONVERSION = YES;
				CLANG_WARN_NON_LITERAL_NULL_CONVERSION = YES;
				CLANG_WARN_OBJC_IMPLICIT_RETAIN_SELF = YES;
				CLANG_WARN_OBJC_LITERAL_CONVERSION = YES;
				CLANG_WARN_OBJC_ROOT_CLASS = YES_ERROR;
				CLANG_WARN_RANGE_LOOP_ANALYSIS = YES;
				CLANG_WARN_STRICT_PROTOTYPES = YES;
				CLANG_WARN_SUSPICIOUS_MOVE = YES;
				CLANG_WARN_UNGUARDED_AVAILABILITY = YES_AGGRESSIVE;
				CLANG_WARN_UNREACHABLE_CODE = YES;
				CLANG_WARN__DUPLICATE_METHOD_MATCH = YES;
				CODE_SIGN_IDENTITY = "iPhone Developer";
				COPY_PHASE_STRIP = NO;
				DEBUG_INFORMATION_FORMAT = dwarf;
				ENABLE_STRICT_OBJC_MSGSEND = YES;
				ENABLE_TESTABILITY = YES;
				GCC_C_LANGUAGE_STANDARD = gnu11;
				GCC_DYNAMIC_NO_PIC = NO;
				GCC_NO_COMMON_BLOCKS = YES;
				GCC_OPTIMIZATION_LEVEL = 0;
				GCC_PREPROCESSOR_DEFINITIONS = (
					"DEBUG=1",
					"$(inherited)",
				);
				GCC_WARN_64_TO_32_BIT_CONVERSION = YES;
				GCC_WARN_ABOUT_RETURN_TYPE = YES_ERROR;
				GCC_WARN_UNDECLARED_SELECTOR = YES;
				GCC_WARN_UNINITIALIZED_AUTOS = YES_AGGRESSIVE;
				GCC_WARN_UNUSED_FUNCTION = YES;
				GCC_WARN_UNUSED_VARIABLE = YES;
				IPHONEOS_DEPLOYMENT_TARGET = 11.3;
				MTL_ENABLE_DEBUG_INFO = YES;
				ONLY_ACTIVE_ARCH = YES;
				SDKROOT = iphoneos;
				SWIFT_ACTIVE_COMPILATION_CONDITIONS = DEBUG;
				SWIFT_OPTIMIZATION_LEVEL = "-Onone";
			};
			name = Debug;
		};
		B123A3A320A56B520053E36B /* Release */ = {
			isa = XCBuildConfiguration;
			buildSettings = {
				ALWAYS_SEARCH_USER_PATHS = NO;
				CLANG_ANALYZER_NONNULL = YES;
				CLANG_ANALYZER_NUMBER_OBJECT_CONVERSION = YES_AGGRESSIVE;
				CLANG_CXX_LANGUAGE_STANDARD = "gnu++14";
				CLANG_CXX_LIBRARY = "libc++";
				CLANG_ENABLE_MODULES = YES;
				CLANG_ENABLE_OBJC_ARC = YES;
				CLANG_ENABLE_OBJC_WEAK = YES;
				CLANG_WARN_BLOCK_CAPTURE_AUTORELEASING = YES;
				CLANG_WARN_BOOL_CONVERSION = YES;
				CLANG_WARN_COMMA = YES;
				CLANG_WARN_CONSTANT_CONVERSION = YES;
				CLANG_WARN_DEPRECATED_OBJC_IMPLEMENTATIONS = YES;
				CLANG_WARN_DIRECT_OBJC_ISA_USAGE = YES_ERROR;
				CLANG_WARN_DOCUMENTATION_COMMENTS = YES;
				CLANG_WARN_EMPTY_BODY = YES;
				CLANG_WARN_ENUM_CONVERSION = YES;
				CLANG_WARN_INFINITE_RECURSION = YES;
				CLANG_WARN_INT_CONVERSION = YES;
				CLANG_WARN_NON_LITERAL_NULL_CONVERSION = YES;
				CLANG_WARN_OBJC_IMPLICIT_RETAIN_SELF = YES;
				CLANG_WARN_OBJC_LITERAL_CONVERSION = YES;
				CLANG_WARN_OBJC_ROOT_CLASS = YES_ERROR;
				CLANG_WARN_RANGE_LOOP_ANALYSIS = YES;
				CLANG_WARN_STRICT_PROTOTYPES = YES;
				CLANG_WARN_SUSPICIOUS_MOVE = YES;
				CLANG_WARN_UNGUARDED_AVAILABILITY = YES_AGGRESSIVE;
				CLANG_WARN_UNREACHABLE_CODE = YES;
				CLANG_WARN__DUPLICATE_METHOD_MATCH = YES;
				CODE_SIGN_IDENTITY = "iPhone Developer";
				COPY_PHASE_STRIP = NO;
				DEBUG_INFORMATION_FORMAT = "dwarf-with-dsym";
				ENABLE_NS_ASSERTIONS = NO;
				ENABLE_STRICT_OBJC_MSGSEND = YES;
				GCC_C_LANGUAGE_STANDARD = gnu11;
				GCC_NO_COMMON_BLOCKS = YES;
				GCC_WARN_64_TO_32_BIT_CONVERSION = YES;
				GCC_WARN_ABOUT_RETURN_TYPE = YES_ERROR;
				GCC_WARN_UNDECLARED_SELECTOR = YES;
				GCC_WARN_UNINITIALIZED_AUTOS = YES_AGGRESSIVE;
				GCC_WARN_UNUSED_FUNCTION = YES;
				GCC_WARN_UNUSED_VARIABLE = YES;
				IPHONEOS_DEPLOYMENT_TARGET = 11.3;
				MTL_ENABLE_DEBUG_INFO = NO;
				SDKROOT = iphoneos;
				SWIFT_COMPILATION_MODE = wholemodule;
				SWIFT_OPTIMIZATION_LEVEL = "-O";
				VALIDATE_PRODUCT = YES;
			};
			name = Release;
		};
		B123A3A520A56B520053E36B /* Debug */ = {
			isa = XCBuildConfiguration;
			baseConfigurationReference = 872F681A52B8DB15C2BB1509 /* Pods-TestPopup.debug.xcconfig */;
			buildSettings = {
				ASSETCATALOG_COMPILER_APPICON_NAME = AppIcon;
				CODE_SIGN_STYLE = Automatic;
				DEVELOPMENT_TEAM = E5Z2R9WZ5W;
				INFOPLIST_FILE = TestPopup/Info.plist;
				LD_RUNPATH_SEARCH_PATHS = (
					"$(inherited)",
					"@executable_path/Frameworks",
				);
				PRODUCT_BUNDLE_IDENTIFIER = com.xiilab.TestPopup;
				PRODUCT_NAME = "$(TARGET_NAME)";
				SWIFT_VERSION = 4.0;
				TARGETED_DEVICE_FAMILY = "1,2";
			};
			name = Debug;
		};
		B123A3A620A56B520053E36B /* Release */ = {
			isa = XCBuildConfiguration;
			baseConfigurationReference = C316170ACC65415FE64850A3 /* Pods-TestPopup.release.xcconfig */;
			buildSettings = {
				ASSETCATALOG_COMPILER_APPICON_NAME = AppIcon;
				CODE_SIGN_STYLE = Automatic;
				DEVELOPMENT_TEAM = E5Z2R9WZ5W;
				INFOPLIST_FILE = TestPopup/Info.plist;
				LD_RUNPATH_SEARCH_PATHS = (
					"$(inherited)",
					"@executable_path/Frameworks",
				);
				PRODUCT_BUNDLE_IDENTIFIER = com.xiilab.TestPopup;
				PRODUCT_NAME = "$(TARGET_NAME)";
				SWIFT_VERSION = 4.0;
				TARGETED_DEVICE_FAMILY = "1,2";
			};
			name = Release;
		};
		B123A3A820A56B520053E36B /* Debug */ = {
			isa = XCBuildConfiguration;
			baseConfigurationReference = 550CA1A1E47F6D500895674A /* Pods-TestPopupTests.debug.xcconfig */;
			buildSettings = {
				ALWAYS_EMBED_SWIFT_STANDARD_LIBRARIES = YES;
				BUNDLE_LOADER = "$(TEST_HOST)";
				CODE_SIGN_STYLE = Automatic;
				DEVELOPMENT_TEAM = E5Z2R9WZ5W;
				INFOPLIST_FILE = TestPopupTests/Info.plist;
				LD_RUNPATH_SEARCH_PATHS = (
					"$(inherited)",
					"@executable_path/Frameworks",
					"@loader_path/Frameworks",
				);
				PRODUCT_BUNDLE_IDENTIFIER = com.xiilab.TestPopupTests;
				PRODUCT_NAME = "$(TARGET_NAME)";
				SWIFT_VERSION = 4.0;
				TARGETED_DEVICE_FAMILY = "1,2";
				TEST_HOST = "$(BUILT_PRODUCTS_DIR)/TestPopup.app/TestPopup";
			};
			name = Debug;
		};
		B123A3A920A56B520053E36B /* Release */ = {
			isa = XCBuildConfiguration;
			baseConfigurationReference = C2BE928237336C582EEB91BD /* Pods-TestPopupTests.release.xcconfig */;
			buildSettings = {
				ALWAYS_EMBED_SWIFT_STANDARD_LIBRARIES = YES;
				BUNDLE_LOADER = "$(TEST_HOST)";
				CODE_SIGN_STYLE = Automatic;
				DEVELOPMENT_TEAM = E5Z2R9WZ5W;
				INFOPLIST_FILE = TestPopupTests/Info.plist;
				LD_RUNPATH_SEARCH_PATHS = (
					"$(inherited)",
					"@executable_path/Frameworks",
					"@loader_path/Frameworks",
				);
				PRODUCT_BUNDLE_IDENTIFIER = com.xiilab.TestPopupTests;
				PRODUCT_NAME = "$(TARGET_NAME)";
				SWIFT_VERSION = 4.0;
				TARGETED_DEVICE_FAMILY = "1,2";
				TEST_HOST = "$(BUILT_PRODUCTS_DIR)/TestPopup.app/TestPopup";
			};
			name = Release;
		};
		B123A3AB20A56B520053E36B /* Debug */ = {
			isa = XCBuildConfiguration;
			baseConfigurationReference = FF4D7CE9B1F6536E9C0BB081 /* Pods-TestPopupUITests.debug.xcconfig */;
			buildSettings = {
				ALWAYS_EMBED_SWIFT_STANDARD_LIBRARIES = YES;
				CODE_SIGN_STYLE = Automatic;
				DEVELOPMENT_TEAM = E5Z2R9WZ5W;
				INFOPLIST_FILE = TestPopupUITests/Info.plist;
				LD_RUNPATH_SEARCH_PATHS = (
					"$(inherited)",
					"@executable_path/Frameworks",
					"@loader_path/Frameworks",
				);
				PRODUCT_BUNDLE_IDENTIFIER = com.xiilab.TestPopupUITests;
				PRODUCT_NAME = "$(TARGET_NAME)";
				SWIFT_VERSION = 4.0;
				TARGETED_DEVICE_FAMILY = "1,2";
				TEST_TARGET_NAME = TestPopup;
			};
			name = Debug;
		};
		B123A3AC20A56B520053E36B /* Release */ = {
			isa = XCBuildConfiguration;
			baseConfigurationReference = 63610D266CC62B8C6C81B6F4 /* Pods-TestPopupUITests.release.xcconfig */;
			buildSettings = {
				ALWAYS_EMBED_SWIFT_STANDARD_LIBRARIES = YES;
				CODE_SIGN_STYLE = Automatic;
				DEVELOPMENT_TEAM = E5Z2R9WZ5W;
				INFOPLIST_FILE = TestPopupUITests/Info.plist;
				LD_RUNPATH_SEARCH_PATHS = (
					"$(inherited)",
					"@executable_path/Frameworks",
					"@loader_path/Frameworks",
				);
				PRODUCT_BUNDLE_IDENTIFIER = com.xiilab.TestPopupUITests;
				PRODUCT_NAME = "$(TARGET_NAME)";
				SWIFT_VERSION = 4.0;
				TARGETED_DEVICE_FAMILY = "1,2";
				TEST_TARGET_NAME = TestPopup;
			};
			name = Release;
		};
/* End XCBuildConfiguration section */

/* Begin XCConfigurationList section */
		B123A37720A56B500053E36B /* Build configuration list for PBXProject "TestPopup" */ = {
			isa = XCConfigurationList;
			buildConfigurations = (
				B123A3A220A56B520053E36B /* Debug */,
				B123A3A320A56B520053E36B /* Release */,
			);
			defaultConfigurationIsVisible = 0;
			defaultConfigurationName = Release;
		};
		B123A3A420A56B520053E36B /* Build configuration list for PBXNativeTarget "TestPopup" */ = {
			isa = XCConfigurationList;
			buildConfigurations = (
				B123A3A520A56B520053E36B /* Debug */,
				B123A3A620A56B520053E36B /* Release */,
			);
			defaultConfigurationIsVisible = 0;
			defaultConfigurationName = Release;
		};
		B123A3A720A56B520053E36B /* Build configuration list for PBXNativeTarget "TestPopupTests" */ = {
			isa = XCConfigurationList;
			buildConfigurations = (
				B123A3A820A56B520053E36B /* Debug */,
				B123A3A920A56B520053E36B /* Release */,
			);
			defaultConfigurationIsVisible = 0;
			defaultConfigurationName = Release;
		};
		B123A3AA20A56B520053E36B /* Build configuration list for PBXNativeTarget "TestPopupUITests" */ = {
			isa = XCConfigurationList;
			buildConfigurations = (
				B123A3AB20A56B520053E36B /* Debug */,
				B123A3AC20A56B520053E36B /* Release */,
			);
			defaultConfigurationIsVisible = 0;
			defaultConfigurationName = Release;
		};
/* End XCConfigurationList section */
	};
	rootObject = B123A37420A56B500053E36B /* Project object */;
}
